
Microsoft Visual Studio Solution File, Format Version 12.00
# Visual Studio Version 17
VisualStudioVersion = 17.1.32421.90
MinimumVisualStudioVersion = 10.0.40219.1
Project("{FAE04EC0-301F-11D3-BF4B-00C04F79EFBC}") = "SponsorSphipApp", "SponsorSphipApp\SponsorSphipApp.csproj", "{BB6112CA-5E60-4E83-922F-A3C36F3C983B}"
EndProject
Global
	GlobalSection(SolutionConfigurationPlatforms) = preSolution
		Debug|Any CPU = Debug|Any CPU
		Release|Any CPU = Release|Any CPU
	EndGlobalSection
	GlobalSection(ProjectConfigurationPlatforms) = postSolution
		{BB6112CA-5E60-4E83-922F-A3C36F3C983B}.Debug|Any CPU.ActiveCfg = Debug|Any CPU
		{BB6112CA-5E60-4E83-922F-A3C36F3C983B}.Debug|Any CPU.Build.0 = Debug|Any CPU
		{BB6112CA-5E60-4E83-922F-A3C36F3C983B}.Release|Any CPU.ActiveCfg = Release|Any CPU
		{BB6112CA-5E60-4E83-922F-A3C36F3C983B}.Release|Any CPU.Build.0 = Release|Any CPU
	EndGlobalSection
	GlobalSection(SolutionProperties) = preSolution
		HideSolutionNode = FALSE
	EndGlobalSection
	GlobalSection(ExtensibilityGlobals) = postSolution
		SolutionGuid = {C78DCB90-311F-4924-98AD-388AF092CBF4}
	EndGlobalSection
EndGlobal
